// !$*UTF8*$!
{
	archiveVersion = 1;
	classes = {
	};
	objectVersion = 46;
	objects = {

/* Begin PBXBuildFile section */
		522216E41CF19FF800E22B05 /* chat in Resources */ = {isa = PBXBuildFile; fileRef = 522216E31CF19FF800E22B05 /* chat */; };
		522216E61CF1A00D00E22B05 /* chat_maker.rb in Resources */ = {isa = PBXBuildFile; fileRef = 522216E51CF1A00D00E22B05 /* chat_maker.rb */; };
		52355C6F1BCC00AE00BE8331 /* QBImagePicker.storyboard in Resources */ = {isa = PBXBuildFile; fileRef = 52355C6E1BCC00AE00BE8331 /* QBImagePicker.storyboard */; };
		52731C651B371FC500E2CC2A /* builtin.rb in Resources */ = {isa = PBXBuildFile; fileRef = 52731C5E1B371FC500E2CC2A /* builtin.rb */; };
		52731C661B371FC500E2CC2A /* sample.jpg in Resources */ = {isa = PBXBuildFile; fileRef = 52731C601B371FC500E2CC2A /* sample.jpg */; };
		52731C671B371FC500E2CC2A /* tabbar_files.png in Resources */ = {isa = PBXBuildFile; fileRef = 52731C611B371FC500E2CC2A /* tabbar_files.png */; };
		52731C681B371FC500E2CC2A /* tabbar_samples.png in Resources */ = {isa = PBXBuildFile; fileRef = 52731C621B371FC500E2CC2A /* tabbar_samples.png */; };
		52731C6D1B37224300E2CC2A /* sample in Resources */ = {isa = PBXBuildFile; fileRef = 52731C6C1B37224300E2CC2A /* sample */; };
		5280A9F61D1691D0008D638A /* MrubyViewController.m in Sources */ = {isa = PBXBuildFile; fileRef = 5280A9F51D1691D0008D638A /* MrubyViewController.m */; };
		5280A9F91D16C66A008D638A /* mrb_misc.m in Sources */ = {isa = PBXBuildFile; fileRef = 5280A9F81D16C66A008D638A /* mrb_misc.m */; };
		5285E9641C3B61A70090C383 /* MRuby.framework in Frameworks */ = {isa = PBXBuildFile; fileRef = 5285E9631C3B61A70090C383 /* MRuby.framework */; };
		5294CC251B3469C10044D56D /* PictRubyTests.m in Sources */ = {isa = PBXBuildFile; fileRef = 5294CC241B3469C10044D56D /* PictRubyTests.m */; };
		52BF5C511CD641B60035968E /* AppDelegate.m in Sources */ = {isa = PBXBuildFile; fileRef = 52BF5C391CD641B50035968E /* AppDelegate.m */; };
		52BF5C521CD641B60035968E /* BindImage.mm in Sources */ = {isa = PBXBuildFile; fileRef = 52BF5C3B1CD641B50035968E /* BindImage.mm */; settings = {COMPILER_FLAGS = "-fno-objc-arc"; }; };
		52BF5C531CD641B60035968E /* BindPopup.mm in Sources */ = {isa = PBXBuildFile; fileRef = 52BF5C3D1CD641B50035968E /* BindPopup.mm */; };
		52BF5C541CD641B60035968E /* ChatViewController.m in Sources */ = {isa = PBXBuildFile; fileRef = 52BF5C3F1CD641B50035968E /* ChatViewController.m */; };
		52BF5C551CD641B60035968E /* EditViewController.mm in Sources */ = {isa = PBXBuildFile; fileRef = 52BF5C411CD641B50035968E /* EditViewController.mm */; };
		52BF5C561CD641B60035968E /* FileViewController.mm in Sources */ = {isa = PBXBuildFile; fileRef = 52BF5C431CD641B50035968E /* FileViewController.mm */; };
		52BF5C571CD641B60035968E /* HelpViewController.mm in Sources */ = {isa = PBXBuildFile; fileRef = 52BF5C451CD641B50035968E /* HelpViewController.mm */; };
		52BF5C581CD641B60035968E /* Images.xcassets in Resources */ = {isa = PBXBuildFile; fileRef = 52BF5C461CD641B50035968E /* Images.xcassets */; };
		52BF5C591CD641B60035968E /* Info.plist in Resources */ = {isa = PBXBuildFile; fileRef = 52BF5C471CD641B60035968E /* Info.plist */; };
		52BF5C5A1CD641B60035968E /* main.m in Sources */ = {isa = PBXBuildFile; fileRef = 52BF5C481CD641B60035968E /* main.m */; };
		52BF5C5B1CD641B60035968E /* RubyHighlightingTextStorage.m in Sources */ = {isa = PBXBuildFile; fileRef = 52BF5C4A1CD641B60035968E /* RubyHighlightingTextStorage.m */; };
		52BF5C5C1CD641B60035968E /* SampleViewController.mm in Sources */ = {isa = PBXBuildFile; fileRef = 52BF5C4C1CD641B60035968E /* SampleViewController.mm */; };
		52BF5C5D1CD641B60035968E /* ScriptController.mm in Sources */ = {isa = PBXBuildFile; fileRef = 52BF5C4E1CD641B60035968E /* ScriptController.mm */; };
		52BF5C5E1CD641B60035968E /* SelectViewController.mm in Sources */ = {isa = PBXBuildFile; fileRef = 52BF5C501CD641B60035968E /* SelectViewController.mm */; };
		52C018591C94075E0046CCF8 /* chat_ruby.png in Resources */ = {isa = PBXBuildFile; fileRef = 52C018571C94075E0046CCF8 /* chat_ruby.png */; };
		52C0185A1C94075E0046CCF8 /* chat_you.png in Resources */ = {isa = PBXBuildFile; fileRef = 52C018581C94075E0046CCF8 /* chat_you.png */; };
		52FD35381D3E918C009C8E5B /* mrb_image.m in Sources */ = {isa = PBXBuildFile; fileRef = 52FD35371D3E918C009C8E5B /* mrb_image.m */; settings = {COMPILER_FLAGS = "-fno-objc-arc"; }; };
		8919A8302FC702BD37866240 /* libPods-RubyPico.a in Frameworks */ = {isa = PBXBuildFile; fileRef = F736BA58599CC3FAD7521A5F /* libPods-RubyPico.a */; };
/* End PBXBuildFile section */

/* Begin PBXContainerItemProxy section */
		5294CC1F1B3469C10044D56D /* PBXContainerItemProxy */ = {
			isa = PBXContainerItemProxy;
			containerPortal = 5294CBFD1B3469C10044D56D /* Project object */;
			proxyType = 1;
			remoteGlobalIDString = 5294CC041B3469C10044D56D;
			remoteInfo = PictRuby;
		};
/* End PBXContainerItemProxy section */

/* Begin PBXFileReference section */
		522216E31CF19FF800E22B05 /* chat */ = {isa = PBXFileReference; lastKnownFileType = folder; path = chat; sourceTree = "<group>"; };
		522216E51CF1A00D00E22B05 /* chat_maker.rb */ = {isa = PBXFileReference; fileEncoding = 4; lastKnownFileType = text.script.ruby; path = chat_maker.rb; sourceTree = "<group>"; };
		52355C6E1BCC00AE00BE8331 /* QBImagePicker.storyboard */ = {isa = PBXFileReference; fileEncoding = 4; lastKnownFileType = file.storyboard; name = QBImagePicker.storyboard; path = ../Pods/QBImagePickerController/QBImagePicker/QBImagePicker.storyboard; sourceTree = "<group>"; };
		52731C5E1B371FC500E2CC2A /* builtin.rb */ = {isa = PBXFileReference; fileEncoding = 4; lastKnownFileType = text.script.ruby; path = builtin.rb; sourceTree = "<group>"; };
		52731C601B371FC500E2CC2A /* sample.jpg */ = {isa = PBXFileReference; lastKnownFileType = image.jpeg; path = sample.jpg; sourceTree = "<group>"; };
		52731C611B371FC500E2CC2A /* tabbar_files.png */ = {isa = PBXFileReference; lastKnownFileType = image.png; path = tabbar_files.png; sourceTree = "<group>"; };
		52731C621B371FC500E2CC2A /* tabbar_samples.png */ = {isa = PBXFileReference; lastKnownFileType = image.png; path = tabbar_samples.png; sourceTree = "<group>"; };
		52731C6C1B37224300E2CC2A /* sample */ = {isa = PBXFileReference; lastKnownFileType = folder; path = sample; sourceTree = "<group>"; };
		5280A9F41D1691D0008D638A /* MrubyViewController.h */ = {isa = PBXFileReference; fileEncoding = 4; lastKnownFileType = sourcecode.c.h; path = MrubyViewController.h; sourceTree = "<group>"; };
		5280A9F51D1691D0008D638A /* MrubyViewController.m */ = {isa = PBXFileReference; fileEncoding = 4; lastKnownFileType = sourcecode.c.objc; path = MrubyViewController.m; sourceTree = "<group>"; };
		5280A9F71D16C66A008D638A /* mrb_misc.h */ = {isa = PBXFileReference; fileEncoding = 4; lastKnownFileType = sourcecode.c.h; path = mrb_misc.h; sourceTree = "<group>"; };
		5280A9F81D16C66A008D638A /* mrb_misc.m */ = {isa = PBXFileReference; fileEncoding = 4; lastKnownFileType = sourcecode.c.objc; path = mrb_misc.m; sourceTree = "<group>"; };
		5285E9631C3B61A70090C383 /* MRuby.framework */ = {isa = PBXFileReference; lastKnownFileType = wrapper.framework; name = MRuby.framework; path = Vendor/MRuby.framework; sourceTree = "<group>"; };
		5294CC051B3469C10044D56D /* RubyPico.app */ = {isa = PBXFileReference; explicitFileType = wrapper.application; includeInIndex = 0; path = RubyPico.app; sourceTree = BUILT_PRODUCTS_DIR; };
		5294CC1E1B3469C10044D56D /* RubyPico.xctest */ = {isa = PBXFileReference; explicitFileType = wrapper.cfbundle; includeInIndex = 0; path = RubyPico.xctest; sourceTree = BUILT_PRODUCTS_DIR; };
		5294CC231B3469C10044D56D /* Info.plist */ = {isa = PBXFileReference; lastKnownFileType = text.plist.xml; path = Info.plist; sourceTree = "<group>"; };
		5294CC241B3469C10044D56D /* PictRubyTests.m */ = {isa = PBXFileReference; lastKnownFileType = sourcecode.c.objc; path = PictRubyTests.m; sourceTree = "<group>"; };
		52BF5C381CD641B50035968E /* AppDelegate.h */ = {isa = PBXFileReference; fileEncoding = 4; lastKnownFileType = sourcecode.c.h; path = AppDelegate.h; sourceTree = "<group>"; };
		52BF5C391CD641B50035968E /* AppDelegate.m */ = {isa = PBXFileReference; fileEncoding = 4; lastKnownFileType = sourcecode.c.objc; path = AppDelegate.m; sourceTree = "<group>"; };
		52BF5C3A1CD641B50035968E /* BindImage.hpp */ = {isa = PBXFileReference; fileEncoding = 4; lastKnownFileType = sourcecode.cpp.h; path = BindImage.hpp; sourceTree = "<group>"; };
		52BF5C3B1CD641B50035968E /* BindImage.mm */ = {isa = PBXFileReference; fileEncoding = 4; lastKnownFileType = sourcecode.cpp.objcpp; path = BindImage.mm; sourceTree = "<group>"; };
		52BF5C3C1CD641B50035968E /* BindPopup.hpp */ = {isa = PBXFileReference; fileEncoding = 4; lastKnownFileType = sourcecode.cpp.h; path = BindPopup.hpp; sourceTree = "<group>"; };
		52BF5C3D1CD641B50035968E /* BindPopup.mm */ = {isa = PBXFileReference; fileEncoding = 4; lastKnownFileType = sourcecode.cpp.objcpp; path = BindPopup.mm; sourceTree = "<group>"; };
		52BF5C3E1CD641B50035968E /* ChatViewController.h */ = {isa = PBXFileReference; fileEncoding = 4; lastKnownFileType = sourcecode.c.h; path = ChatViewController.h; sourceTree = "<group>"; };
		52BF5C3F1CD641B50035968E /* ChatViewController.m */ = {isa = PBXFileReference; fileEncoding = 4; lastKnownFileType = sourcecode.c.objc; path = ChatViewController.m; sourceTree = "<group>"; };
		52BF5C401CD641B50035968E /* EditViewController.h */ = {isa = PBXFileReference; fileEncoding = 4; lastKnownFileType = sourcecode.c.h; path = EditViewController.h; sourceTree = "<group>"; };
		52BF5C411CD641B50035968E /* EditViewController.mm */ = {isa = PBXFileReference; fileEncoding = 4; lastKnownFileType = sourcecode.cpp.objcpp; path = EditViewController.mm; sourceTree = "<group>"; };
		52BF5C421CD641B50035968E /* FileViewController.h */ = {isa = PBXFileReference; fileEncoding = 4; lastKnownFileType = sourcecode.c.h; path = FileViewController.h; sourceTree = "<group>"; };
		52BF5C431CD641B50035968E /* FileViewController.mm */ = {isa = PBXFileReference; fileEncoding = 4; lastKnownFileType = sourcecode.cpp.objcpp; path = FileViewController.mm; sourceTree = "<group>"; };
		52BF5C441CD641B50035968E /* HelpViewController.h */ = {isa = PBXFileReference; fileEncoding = 4; lastKnownFileType = sourcecode.c.h; path = HelpViewController.h; sourceTree = "<group>"; };
		52BF5C451CD641B50035968E /* HelpViewController.mm */ = {isa = PBXFileReference; fileEncoding = 4; lastKnownFileType = sourcecode.cpp.objcpp; path = HelpViewController.mm; sourceTree = "<group>"; };
		52BF5C461CD641B50035968E /* Images.xcassets */ = {isa = PBXFileReference; lastKnownFileType = folder.assetcatalog; path = Images.xcassets; sourceTree = "<group>"; };
		52BF5C471CD641B60035968E /* Info.plist */ = {isa = PBXFileReference; fileEncoding = 4; lastKnownFileType = text.plist.xml; path = Info.plist; sourceTree = "<group>"; };
		52BF5C481CD641B60035968E /* main.m */ = {isa = PBXFileReference; fileEncoding = 4; lastKnownFileType = sourcecode.c.objc; path = main.m; sourceTree = "<group>"; };
		52BF5C491CD641B60035968E /* RubyHighlightingTextStorage.h */ = {isa = PBXFileReference; fileEncoding = 4; lastKnownFileType = sourcecode.c.h; path = RubyHighlightingTextStorage.h; sourceTree = "<group>"; };
		52BF5C4A1CD641B60035968E /* RubyHighlightingTextStorage.m */ = {isa = PBXFileReference; fileEncoding = 4; lastKnownFileType = sourcecode.c.objc; path = RubyHighlightingTextStorage.m; sourceTree = "<group>"; };
		52BF5C4B1CD641B60035968E /* SampleViewController.h */ = {isa = PBXFileReference; fileEncoding = 4; lastKnownFileType = sourcecode.c.h; path = SampleViewController.h; sourceTree = "<group>"; };
		52BF5C4C1CD641B60035968E /* SampleViewController.mm */ = {isa = PBXFileReference; fileEncoding = 4; lastKnownFileType = sourcecode.cpp.objcpp; path = SampleViewController.mm; sourceTree = "<group>"; };
		52BF5C4D1CD641B60035968E /* ScriptController.h */ = {isa = PBXFileReference; fileEncoding = 4; lastKnownFileType = sourcecode.c.h; path = ScriptController.h; sourceTree = "<group>"; };
		52BF5C4E1CD641B60035968E /* ScriptController.mm */ = {isa = PBXFileReference; fileEncoding = 4; lastKnownFileType = sourcecode.cpp.objcpp; path = ScriptController.mm; sourceTree = "<group>"; };
		52BF5C4F1CD641B60035968E /* SelectViewController.h */ = {isa = PBXFileReference; fileEncoding = 4; lastKnownFileType = sourcecode.c.h; path = SelectViewController.h; sourceTree = "<group>"; };
		52BF5C501CD641B60035968E /* SelectViewController.mm */ = {isa = PBXFileReference; fileEncoding = 4; lastKnownFileType = sourcecode.cpp.objcpp; path = SelectViewController.mm; sourceTree = "<group>"; };
		52C018571C94075E0046CCF8 /* chat_ruby.png */ = {isa = PBXFileReference; lastKnownFileType = image.png; path = chat_ruby.png; sourceTree = "<group>"; };
		52C018581C94075E0046CCF8 /* chat_you.png */ = {isa = PBXFileReference; lastKnownFileType = image.png; path = chat_you.png; sourceTree = "<group>"; };
		52FD35361D3E918C009C8E5B /* mrb_image.h */ = {isa = PBXFileReference; fileEncoding = 4; lastKnownFileType = sourcecode.c.h; path = mrb_image.h; sourceTree = "<group>"; };
		52FD35371D3E918C009C8E5B /* mrb_image.m */ = {isa = PBXFileReference; fileEncoding = 4; lastKnownFileType = sourcecode.c.objc; path = mrb_image.m; sourceTree = "<group>"; };
		5C0B70C7A1A1A4BBCCB6DA13 /* Pods-RubyPico.debug.xcconfig */ = {isa = PBXFileReference; includeInIndex = 1; lastKnownFileType = text.xcconfig; name = "Pods-RubyPico.debug.xcconfig"; path = "Pods/Target Support Files/Pods-RubyPico/Pods-RubyPico.debug.xcconfig"; sourceTree = "<group>"; };
		F3CEFFF5B3E8D06B7206BD59 /* Pods-RubyPico.release.xcconfig */ = {isa = PBXFileReference; includeInIndex = 1; lastKnownFileType = text.xcconfig; name = "Pods-RubyPico.release.xcconfig"; path = "Pods/Target Support Files/Pods-RubyPico/Pods-RubyPico.release.xcconfig"; sourceTree = "<group>"; };
		F736BA58599CC3FAD7521A5F /* libPods-RubyPico.a */ = {isa = PBXFileReference; explicitFileType = archive.ar; includeInIndex = 0; path = "libPods-RubyPico.a"; sourceTree = BUILT_PRODUCTS_DIR; };
/* End PBXFileReference section */

/* Begin PBXFrameworksBuildPhase section */
		5294CC021B3469C10044D56D /* Frameworks */ = {
			isa = PBXFrameworksBuildPhase;
			buildActionMask = 2147483647;
			files = (
				5285E9641C3B61A70090C383 /* MRuby.framework in Frameworks */,
				8919A8302FC702BD37866240 /* libPods-RubyPico.a in Frameworks */,
			);
			runOnlyForDeploymentPostprocessing = 0;
		};
		5294CC1B1B3469C10044D56D /* Frameworks */ = {
			isa = PBXFrameworksBuildPhase;
			buildActionMask = 2147483647;
			files = (
			);
			runOnlyForDeploymentPostprocessing = 0;
		};
/* End PBXFrameworksBuildPhase section */

/* Begin PBXGroup section */
		1F005DFDA27FCFE852E63B85 /* Frameworks */ = {
			isa = PBXGroup;
			children = (
				5285E9631C3B61A70090C383 /* MRuby.framework */,
				F736BA58599CC3FAD7521A5F /* libPods-RubyPico.a */,
			);
			name = Frameworks;
			sourceTree = "<group>";
		};
		52731C5D1B371FC500E2CC2A /* resources */ = {
			isa = PBXGroup;
			children = (
				52355C6E1BCC00AE00BE8331 /* QBImagePicker.storyboard */,
				522216E31CF19FF800E22B05 /* chat */,
				52731C6C1B37224300E2CC2A /* sample */,
				52731C5E1B371FC500E2CC2A /* builtin.rb */,
				522216E51CF1A00D00E22B05 /* chat_maker.rb */,
				52731C5F1B371FC500E2CC2A /* images */,
			);
			path = resources;
			sourceTree = "<group>";
		};
		52731C5F1B371FC500E2CC2A /* images */ = {
			isa = PBXGroup;
			children = (
				52C018571C94075E0046CCF8 /* chat_ruby.png */,
				52C018581C94075E0046CCF8 /* chat_you.png */,
				52731C601B371FC500E2CC2A /* sample.jpg */,
				52731C611B371FC500E2CC2A /* tabbar_files.png */,
				52731C621B371FC500E2CC2A /* tabbar_samples.png */,
			);
			path = images;
			sourceTree = "<group>";
		};
		5294CBFC1B3469C10044D56D = {
			isa = PBXGroup;
			children = (
				52BF5C371CD641B50035968E /* App */,
				52731C5D1B371FC500E2CC2A /* resources */,
				5294CC211B3469C10044D56D /* AppTests */,
				5294CC061B3469C10044D56D /* Products */,
				1F005DFDA27FCFE852E63B85 /* Frameworks */,
				565481F5187135151BC3B544 /* Pods */,
			);
			sourceTree = "<group>";
		};
		5294CC061B3469C10044D56D /* Products */ = {
			isa = PBXGroup;
			children = (
				5294CC051B3469C10044D56D /* RubyPico.app */,
				5294CC1E1B3469C10044D56D /* RubyPico.xctest */,
			);
			name = Products;
			sourceTree = "<group>";
		};
		5294CC211B3469C10044D56D /* AppTests */ = {
			isa = PBXGroup;
			children = (
				5294CC241B3469C10044D56D /* PictRubyTests.m */,
				5294CC221B3469C10044D56D /* Supporting Files */,
			);
			name = AppTests;
			path = PictRubyTests;
			sourceTree = "<group>";
		};
		5294CC221B3469C10044D56D /* Supporting Files */ = {
			isa = PBXGroup;
			children = (
				5294CC231B3469C10044D56D /* Info.plist */,
			);
			name = "Supporting Files";
			sourceTree = "<group>";
		};
		52BF5C371CD641B50035968E /* App */ = {
			isa = PBXGroup;
			children = (
				52FD35361D3E918C009C8E5B /* mrb_image.h */,
				52FD35371D3E918C009C8E5B /* mrb_image.m */,
				5280A9F71D16C66A008D638A /* mrb_misc.h */,
				5280A9F81D16C66A008D638A /* mrb_misc.m */,
				5280A9F41D1691D0008D638A /* MrubyViewController.h */,
				5280A9F51D1691D0008D638A /* MrubyViewController.m */,
				52BF5C381CD641B50035968E /* AppDelegate.h */,
				52BF5C391CD641B50035968E /* AppDelegate.m */,
				52BF5C3A1CD641B50035968E /* BindImage.hpp */,
				52BF5C3B1CD641B50035968E /* BindImage.mm */,
				52BF5C3C1CD641B50035968E /* BindPopup.hpp */,
				52BF5C3D1CD641B50035968E /* BindPopup.mm */,
				52BF5C3E1CD641B50035968E /* ChatViewController.h */,
				52BF5C3F1CD641B50035968E /* ChatViewController.m */,
				52BF5C401CD641B50035968E /* EditViewController.h */,
				52BF5C411CD641B50035968E /* EditViewController.mm */,
				52BF5C421CD641B50035968E /* FileViewController.h */,
				52BF5C431CD641B50035968E /* FileViewController.mm */,
				52BF5C441CD641B50035968E /* HelpViewController.h */,
				52BF5C451CD641B50035968E /* HelpViewController.mm */,
				52BF5C461CD641B50035968E /* Images.xcassets */,
				52BF5C471CD641B60035968E /* Info.plist */,
				52BF5C481CD641B60035968E /* main.m */,
				52BF5C491CD641B60035968E /* RubyHighlightingTextStorage.h */,
				52BF5C4A1CD641B60035968E /* RubyHighlightingTextStorage.m */,
				52BF5C4B1CD641B60035968E /* SampleViewController.h */,
				52BF5C4C1CD641B60035968E /* SampleViewController.mm */,
				52BF5C4D1CD641B60035968E /* ScriptController.h */,
				52BF5C4E1CD641B60035968E /* ScriptController.mm */,
				52BF5C4F1CD641B60035968E /* SelectViewController.h */,
				52BF5C501CD641B60035968E /* SelectViewController.mm */,
			);
			path = App;
			sourceTree = "<group>";
		};
		565481F5187135151BC3B544 /* Pods */ = {
			isa = PBXGroup;
			children = (
				5C0B70C7A1A1A4BBCCB6DA13 /* Pods-RubyPico.debug.xcconfig */,
				F3CEFFF5B3E8D06B7206BD59 /* Pods-RubyPico.release.xcconfig */,
			);
			name = Pods;
			sourceTree = "<group>";
		};
/* End PBXGroup section */

/* Begin PBXNativeTarget section */
		5294CC041B3469C10044D56D /* RubyPico */ = {
			isa = PBXNativeTarget;
			buildConfigurationList = 5294CC281B3469C10044D56D /* Build configuration list for PBXNativeTarget "RubyPico" */;
			buildPhases = (
				BB2D08DF57025FC3592B3576 /* [CP] Check Pods Manifest.lock */,
				5294CC011B3469C10044D56D /* Sources */,
				5294CC021B3469C10044D56D /* Frameworks */,
				5294CC031B3469C10044D56D /* Resources */,
				5F67702BEF92DDA4786F7105 /* [CP] Embed Pods Frameworks */,
				7A77B1E5CA158C09794C798B /* [CP] Copy Pods Resources */,
			);
			buildRules = (
			);
			dependencies = (
			);
			name = RubyPico;
			productName = PictRuby;
			productReference = 5294CC051B3469C10044D56D /* RubyPico.app */;
			productType = "com.apple.product-type.application";
		};
		5294CC1D1B3469C10044D56D /* RubyPicoTests */ = {
			isa = PBXNativeTarget;
			buildConfigurationList = 5294CC2B1B3469C10044D56D /* Build configuration list for PBXNativeTarget "RubyPicoTests" */;
			buildPhases = (
				5294CC1A1B3469C10044D56D /* Sources */,
				5294CC1B1B3469C10044D56D /* Frameworks */,
				5294CC1C1B3469C10044D56D /* Resources */,
			);
			buildRules = (
			);
			dependencies = (
				5294CC201B3469C10044D56D /* PBXTargetDependency */,
			);
			name = RubyPicoTests;
			productName = PictRubyTests;
			productReference = 5294CC1E1B3469C10044D56D /* RubyPico.xctest */;
			productType = "com.apple.product-type.bundle.unit-test";
		};
/* End PBXNativeTarget section */

/* Begin PBXProject section */
		5294CBFD1B3469C10044D56D /* Project object */ = {
			isa = PBXProject;
			attributes = {
				LastUpgradeCheck = 0610;
				ORGANIZATIONNAME = ongaeshi;
				TargetAttributes = {
					5294CC041B3469C10044D56D = {
						CreatedOnToolsVersion = 6.1.1;
						DevelopmentTeam = LR2E2B5BKZ;
					};
					5294CC1D1B3469C10044D56D = {
						CreatedOnToolsVersion = 6.1.1;
						TestTargetID = 5294CC041B3469C10044D56D;
					};
				};
			};
			buildConfigurationList = 5294CC001B3469C10044D56D /* Build configuration list for PBXProject "RubyPico" */;
			compatibilityVersion = "Xcode 3.2";
			developmentRegion = English;
			hasScannedForEncodings = 0;
			knownRegions = (
				en,
				Base,
			);
			mainGroup = 5294CBFC1B3469C10044D56D;
			productRefGroup = 5294CC061B3469C10044D56D /* Products */;
			projectDirPath = "";
			projectRoot = "";
			targets = (
				5294CC041B3469C10044D56D /* RubyPico */,
				5294CC1D1B3469C10044D56D /* RubyPicoTests */,
			);
		};
/* End PBXProject section */

/* Begin PBXResourcesBuildPhase section */
		5294CC031B3469C10044D56D /* Resources */ = {
			isa = PBXResourcesBuildPhase;
			buildActionMask = 2147483647;
			files = (
				52C0185A1C94075E0046CCF8 /* chat_you.png in Resources */,
				52731C6D1B37224300E2CC2A /* sample in Resources */,
				52C018591C94075E0046CCF8 /* chat_ruby.png in Resources */,
				52BF5C581CD641B60035968E /* Images.xcassets in Resources */,
				522216E41CF19FF800E22B05 /* chat in Resources */,
				52731C681B371FC500E2CC2A /* tabbar_samples.png in Resources */,
				52355C6F1BCC00AE00BE8331 /* QBImagePicker.storyboard in Resources */,
				52731C671B371FC500E2CC2A /* tabbar_files.png in Resources */,
				52BF5C591CD641B60035968E /* Info.plist in Resources */,
				52731C651B371FC500E2CC2A /* builtin.rb in Resources */,
				522216E61CF1A00D00E22B05 /* chat_maker.rb in Resources */,
				52731C661B371FC500E2CC2A /* sample.jpg in Resources */,
			);
			runOnlyForDeploymentPostprocessing = 0;
		};
		5294CC1C1B3469C10044D56D /* Resources */ = {
			isa = PBXResourcesBuildPhase;
			buildActionMask = 2147483647;
			files = (
			);
			runOnlyForDeploymentPostprocessing = 0;
		};
/* End PBXResourcesBuildPhase section */

/* Begin PBXShellScriptBuildPhase section */
		5F67702BEF92DDA4786F7105 /* [CP] Embed Pods Frameworks */ = {
			isa = PBXShellScriptBuildPhase;
			buildActionMask = 2147483647;
			files = (
			);
			inputPaths = (
			);
			name = "[CP] Embed Pods Frameworks";
			outputPaths = (
			);
			runOnlyForDeploymentPostprocessing = 0;
			shellPath = /bin/sh;
			shellScript = "\"${SRCROOT}/Pods/Target Support Files/Pods-RubyPico/Pods-RubyPico-frameworks.sh\"\n";
			showEnvVarsInLog = 0;
		};
		7A77B1E5CA158C09794C798B /* [CP] Copy Pods Resources */ = {
			isa = PBXShellScriptBuildPhase;
			buildActionMask = 2147483647;
			files = (
			);
			inputPaths = (
			);
			name = "[CP] Copy Pods Resources";
			outputPaths = (
			);
			runOnlyForDeploymentPostprocessing = 0;
			shellPath = /bin/sh;
			shellScript = "\"${SRCROOT}/Pods/Target Support Files/Pods-RubyPico/Pods-RubyPico-resources.sh\"\n";
			showEnvVarsInLog = 0;
		};
		BB2D08DF57025FC3592B3576 /* [CP] Check Pods Manifest.lock */ = {
			isa = PBXShellScriptBuildPhase;
			buildActionMask = 2147483647;
			files = (
			);
			inputPaths = (
			);
			name = "[CP] Check Pods Manifest.lock";
			outputPaths = (
			);
			runOnlyForDeploymentPostprocessing = 0;
			shellPath = /bin/sh;
			shellScript = "diff \"${PODS_ROOT}/../Podfile.lock\" \"${PODS_ROOT}/Manifest.lock\" > /dev/null\nif [[ $? != 0 ]] ; then\n    cat << EOM\nerror: The sandbox is not in sync with the Podfile.lock. Run 'pod install' or update your CocoaPods installation.\nEOM\n    exit 1\nfi\n";
			showEnvVarsInLog = 0;
		};
/* End PBXShellScriptBuildPhase section */

/* Begin PBXSourcesBuildPhase section */
		5294CC011B3469C10044D56D /* Sources */ = {
			isa = PBXSourcesBuildPhase;
			buildActionMask = 2147483647;
			files = (
				52BF5C571CD641B60035968E /* HelpViewController.mm in Sources */,
				52BF5C5C1CD641B60035968E /* SampleViewController.mm in Sources */,
				5280A9F61D1691D0008D638A /* MrubyViewController.m in Sources */,
				52BF5C531CD641B60035968E /* BindPopup.mm in Sources */,
				52BF5C5E1CD641B60035968E /* SelectViewController.mm in Sources */,
				52BF5C5D1CD641B60035968E /* ScriptController.mm in Sources */,
				52BF5C561CD641B60035968E /* FileViewController.mm in Sources */,
				52BF5C5A1CD641B60035968E /* main.m in Sources */,
				52BF5C5B1CD641B60035968E /* RubyHighlightingTextStorage.m in Sources */,
				52FD35381D3E918C009C8E5B /* mrb_image.m in Sources */,
				52BF5C511CD641B60035968E /* AppDelegate.m in Sources */,
				52BF5C551CD641B60035968E /* EditViewController.mm in Sources */,
				52BF5C521CD641B60035968E /* BindImage.mm in Sources */,
				52BF5C541CD641B60035968E /* ChatViewController.m in Sources */,
				5280A9F91D16C66A008D638A /* mrb_misc.m in Sources */,
			);
			runOnlyForDeploymentPostprocessing = 0;
		};
		5294CC1A1B3469C10044D56D /* Sources */ = {
			isa = PBXSourcesBuildPhase;
			buildActionMask = 2147483647;
			files = (
				5294CC251B3469C10044D56D /* PictRubyTests.m in Sources */,
			);
			runOnlyForDeploymentPostprocessing = 0;
		};
/* End PBXSourcesBuildPhase section */

/* Begin PBXTargetDependency section */
		5294CC201B3469C10044D56D /* PBXTargetDependency */ = {
			isa = PBXTargetDependency;
			target = 5294CC041B3469C10044D56D /* RubyPico */;
			targetProxy = 5294CC1F1B3469C10044D56D /* PBXContainerItemProxy */;
		};
/* End PBXTargetDependency section */

/* Begin XCBuildConfiguration section */
		5294CC261B3469C10044D56D /* Debug */ = {
			isa = XCBuildConfiguration;
			buildSettings = {
				ALWAYS_SEARCH_USER_PATHS = NO;
				CLANG_CXX_LANGUAGE_STANDARD = "gnu++0x";
				CLANG_CXX_LIBRARY = "libc++";
				CLANG_ENABLE_MODULES = YES;
				CLANG_ENABLE_OBJC_ARC = YES;
				CLANG_WARN_BOOL_CONVERSION = YES;
				CLANG_WARN_CONSTANT_CONVERSION = YES;
				CLANG_WARN_DIRECT_OBJC_ISA_USAGE = YES_ERROR;
				CLANG_WARN_EMPTY_BODY = YES;
				CLANG_WARN_ENUM_CONVERSION = YES;
				CLANG_WARN_INT_CONVERSION = YES;
				CLANG_WARN_OBJC_ROOT_CLASS = YES_ERROR;
				CLANG_WARN_UNREACHABLE_CODE = YES;
				CLANG_WARN__DUPLICATE_METHOD_MATCH = YES;
				"CODE_SIGN_IDENTITY[sdk=iphoneos*]" = "iPhone Developer";
				COPY_PHASE_STRIP = NO;
				ENABLE_STRICT_OBJC_MSGSEND = YES;
				GCC_C_LANGUAGE_STANDARD = gnu99;
				GCC_DYNAMIC_NO_PIC = NO;
				GCC_OPTIMIZATION_LEVEL = 0;
				GCC_PREPROCESSOR_DEFINITIONS = (
					"DEBUG=1",
					"$(inherited)",
				);
				GCC_SYMBOLS_PRIVATE_EXTERN = NO;
				GCC_WARN_64_TO_32_BIT_CONVERSION = YES;
				GCC_WARN_ABOUT_RETURN_TYPE = YES_ERROR;
				GCC_WARN_UNDECLARED_SELECTOR = YES;
				GCC_WARN_UNINITIALIZED_AUTOS = YES_AGGRESSIVE;
				GCC_WARN_UNUSED_FUNCTION = YES;
				GCC_WARN_UNUSED_VARIABLE = YES;
				IPHONEOS_DEPLOYMENT_TARGET = 8.1;
				MTL_ENABLE_DEBUG_INFO = YES;
				ONLY_ACTIVE_ARCH = YES;
				SDKROOT = iphoneos;
				TARGETED_DEVICE_FAMILY = "1,2";
			};
			name = Debug;
		};
		5294CC271B3469C10044D56D /* Release */ = {
			isa = XCBuildConfiguration;
			buildSettings = {
				ALWAYS_SEARCH_USER_PATHS = NO;
				CLANG_CXX_LANGUAGE_STANDARD = "gnu++0x";
				CLANG_CXX_LIBRARY = "libc++";
				CLANG_ENABLE_MODULES = YES;
				CLANG_ENABLE_OBJC_ARC = YES;
				CLANG_WARN_BOOL_CONVERSION = YES;
				CLANG_WARN_CONSTANT_CONVERSION = YES;
				CLANG_WARN_DIRECT_OBJC_ISA_USAGE = YES_ERROR;
				CLANG_WARN_EMPTY_BODY = YES;
				CLANG_WARN_ENUM_CONVERSION = YES;
				CLANG_WARN_INT_CONVERSION = YES;
				CLANG_WARN_OBJC_ROOT_CLASS = YES_ERROR;
				CLANG_WARN_UNREACHABLE_CODE = YES;
				CLANG_WARN__DUPLICATE_METHOD_MATCH = YES;
				"CODE_SIGN_IDENTITY[sdk=iphoneos*]" = "iPhone Developer";
				COPY_PHASE_STRIP = YES;
				ENABLE_NS_ASSERTIONS = NO;
				ENABLE_STRICT_OBJC_MSGSEND = YES;
				GCC_C_LANGUAGE_STANDARD = gnu99;
				GCC_WARN_64_TO_32_BIT_CONVERSION = YES;
				GCC_WARN_ABOUT_RETURN_TYPE = YES_ERROR;
				GCC_WARN_UNDECLARED_SELECTOR = YES;
				GCC_WARN_UNINITIALIZED_AUTOS = YES_AGGRESSIVE;
				GCC_WARN_UNUSED_FUNCTION = YES;
				GCC_WARN_UNUSED_VARIABLE = YES;
				IPHONEOS_DEPLOYMENT_TARGET = 8.1;
				MTL_ENABLE_DEBUG_INFO = NO;
				SDKROOT = iphoneos;
				TARGETED_DEVICE_FAMILY = "1,2";
				VALIDATE_PRODUCT = YES;
			};
			name = Release;
		};
		5294CC291B3469C10044D56D /* Debug */ = {
			isa = XCBuildConfiguration;
			baseConfigurationReference = 5C0B70C7A1A1A4BBCCB6DA13 /* Pods-RubyPico.debug.xcconfig */;
			buildSettings = {
				ASSETCATALOG_COMPILER_APPICON_NAME = AppIcon;
				ASSETCATALOG_COMPILER_LAUNCHIMAGE_NAME = LaunchImage;
				CODE_SIGN_IDENTITY = "iPhone Developer";
				"CODE_SIGN_IDENTITY[sdk=iphoneos*]" = "iPhone Developer";
				ENABLE_BITCODE = NO;
				FRAMEWORK_SEARCH_PATHS = (
					"$(inherited)",
					"$(PROJECT_DIR)/Vendor",
				);
				HEADER_SEARCH_PATHS = (
					"$(inherited)",
					"\"${PODS_ROOT}/Headers/Public\"",
					"\"${PODS_ROOT}/Headers/Public/FCFileManager\"",
					"\"${PODS_ROOT}/Headers/Public/ICTextView\"",
					"\"${PODS_ROOT}/Headers/Public/NYXImagesKit\"",
					"$(SRCROOT)/Vendor/MRuby.framework/Headers",
				);
				INFOPLIST_FILE = App/Info.plist;
				IPHONEOS_DEPLOYMENT_TARGET = 8.0;
				LD_RUNPATH_SEARCH_PATHS = "$(inherited) @executable_path/Frameworks";
				PRODUCT_BUNDLE_IDENTIFIER = me.ongaeshi.PictRuby;
				PRODUCT_NAME = RubyPico;
				PROVISIONING_PROFILE = "";
			};
			name = Debug;
		};
		5294CC2A1B3469C10044D56D /* Release */ = {
			isa = XCBuildConfiguration;
			baseConfigurationReference = F3CEFFF5B3E8D06B7206BD59 /* Pods-RubyPico.release.xcconfig */;
			buildSettings = {
				ASSETCATALOG_COMPILER_APPICON_NAME = AppIcon;
				ASSETCATALOG_COMPILER_LAUNCHIMAGE_NAME = LaunchImage;
				CODE_SIGN_IDENTITY = "iPhone Developer";
				"CODE_SIGN_IDENTITY[sdk=iphoneos*]" = "iPhone Developer";
				ENABLE_BITCODE = NO;
				FRAMEWORK_SEARCH_PATHS = (
					"$(inherited)",
					"$(PROJECT_DIR)/Vendor",
				);
				HEADER_SEARCH_PATHS = (
					"$(inherited)",
					"\"${PODS_ROOT}/Headers/Public\"",
					"\"${PODS_ROOT}/Headers/Public/FCFileManager\"",
					"\"${PODS_ROOT}/Headers/Public/ICTextView\"",
					"\"${PODS_ROOT}/Headers/Public/NYXImagesKit\"",
					"$(SRCROOT)/Vendor/MRuby.framework/Headers",
				);
				INFOPLIST_FILE = App/Info.plist;
				IPHONEOS_DEPLOYMENT_TARGET = 8.0;
				LD_RUNPATH_SEARCH_PATHS = "$(inherited) @executable_path/Frameworks";
				PRODUCT_BUNDLE_IDENTIFIER = me.ongaeshi.PictRuby;
				PRODUCT_NAME = RubyPico;
				PROVISIONING_PROFILE = "";
			};
			name = Release;
		};
		5294CC2C1B3469C10044D56D /* Debug */ = {
			isa = XCBuildConfiguration;
			buildSettings = {
				BUNDLE_LOADER = "$(TEST_HOST)";
				FRAMEWORK_SEARCH_PATHS = (
					"$(SDKROOT)/Developer/Library/Frameworks",
					"$(inherited)",
				);
				GCC_PREPROCESSOR_DEFINITIONS = (
					"DEBUG=1",
					"$(inherited)",
				);
				INFOPLIST_FILE = PictRubyTests/Info.plist;
				LD_RUNPATH_SEARCH_PATHS = "$(inherited) @executable_path/Frameworks @loader_path/Frameworks";
				PRODUCT_NAME = RubyPico;
				TEST_HOST = "$(BUILT_PRODUCTS_DIR)/RubyPico.app/RubyPico";
			};
			name = Debug;
		};
		5294CC2D1B3469C10044D56D /* Release */ = {
			isa = XCBuildConfiguration;
			buildSettings = {
				BUNDLE_LOADER = "$(TEST_HOST)";
				FRAMEWORK_SEARCH_PATHS = (
					"$(SDKROOT)/Developer/Library/Frameworks",
					"$(inherited)",
				);
				INFOPLIST_FILE = PictRubyTests/Info.plist;
				LD_RUNPATH_SEARCH_PATHS = "$(inherited) @executable_path/Frameworks @loader_path/Frameworks";
				PRODUCT_NAME = RubyPico;
				TEST_HOST = "$(BUILT_PRODUCTS_DIR)/RubyPico.app/RubyPico";
			};
			name = Release;
		};
/* End XCBuildConfiguration section */

/* Begin XCConfigurationList section */
		5294CC001B3469C10044D56D /* Build configuration list for PBXProject "RubyPico" */ = {
			isa = XCConfigurationList;
			buildConfigurations = (
				5294CC261B3469C10044D56D /* Debug */,
				5294CC271B3469C10044D56D /* Release */,
			);
			defaultConfigurationIsVisible = 0;
			defaultConfigurationName = Release;
		};
		5294CC281B3469C10044D56D /* Build configuration list for PBXNativeTarget "RubyPico" */ = {
			isa = XCConfigurationList;
			buildConfigurations = (
				5294CC291B3469C10044D56D /* Debug */,
				5294CC2A1B3469C10044D56D /* Release */,
			);
			defaultConfigurationIsVisible = 0;
			defaultConfigurationName = Release;
		};
		5294CC2B1B3469C10044D56D /* Build configuration list for PBXNativeTarget "RubyPicoTests" */ = {
			isa = XCConfigurationList;
			buildConfigurations = (
				5294CC2C1B3469C10044D56D /* Debug */,
				5294CC2D1B3469C10044D56D /* Release */,
			);
			defaultConfigurationIsVisible = 0;
			defaultConfigurationName = Release;
		};
/* End XCConfigurationList section */
	};
	rootObject = 5294CBFD1B3469C10044D56D /* Project object */;
}
